
Microsoft Visual Studio Solution File, Format Version 12.00
# Visual Studio Version 17
VisualStudioVersion = 17.0.32014.148
MinimumVisualStudioVersion = 10.0.40219.1
Project("{FAE04EC0-301F-11D3-BF4B-00C04F79EFBC}") = "ConsoleApp1", "ConsoleApp1.csproj", "{978E3E63-E194-4EB1-8F6A-4067F144F602}"
EndProject
Global
	GlobalSection(SolutionConfigurationPlatforms) = preSolution
		Debug|Any CPU = Debug|Any CPU
		Release|Any CPU = Release|Any CPU
	EndGlobalSection
	GlobalSection(ProjectConfigurationPlatforms) = postSolution
		{978E3E63-E194-4EB1-8F6A-4067F144F602}.Debug|Any CPU.ActiveCfg = Debug|Any CPU
		{978E3E63-E194-4EB1-8F6A-4067F144F602}.Debug|Any CPU.Build.0 = Debug|Any CPU
		{978E3E63-E194-4EB1-8F6A-4067F144F602}.Release|Any CPU.ActiveCfg = Release|Any CPU
		{978E3E63-E194-4EB1-8F6A-4067F144F602}.Release|Any CPU.Build.0 = Release|Any CPU
	EndGlobalSection
	GlobalSection(SolutionProperties) = preSolution
		HideSolutionNode = FALSE
	EndGlobalSection
	GlobalSection(ExtensibilityGlobals) = postSolution
		SolutionGuid = {E943D788-2C47-42D7-89DF-C52D121ABB34}
	EndGlobalSection
EndGlobal
